# This file was autogenerated by Stack.
# You should not edit this file by hand.
# For more information, please see the documentation at:
#   https://docs.haskellstack.org/en/stable/lock_files

packages:
- completed:
    size: 14086
    url: https://github.com/Garmelon/haboli/archive/ad393a67f67a97c4e74ce038b773c5bcead5ff10.tar.gz
    cabal-file:
      size: 1263
      sha256: b47acf31bb12e802de480983637998761ee56d5e4a2ac0cc251c02f4388cb814
    name: haboli
    version: 0.3.1.0
    sha256: eb0ca0f08fc3c3caaf730c72aaaae31f582cef8dd30b8fc461b11e8e16115166
    pantry-tree:
      size: 677
      sha256: fd8200eeae76d312f0bb5799873235c410f7274018903c936f73942441f0ac73
  original:
    url: https://github.com/Garmelon/haboli/archive/ad393a67f67a97c4e74ce038b773c5bcead5ff10.tar.gz
snapshots:
- completed:
    size: 491389
    url: https://raw.githubusercontent.com/commercialhaskell/stackage-snapshots/master/lts/15/7.yaml
    sha256: 92ab6303fe20ec928461c82ce0980b4d17c06f4e66205a2967e476474f686c17
  original: lts-15.7
