# This file was autogenerated by Stack.
# You should not edit this file by hand.
# For more information, please see the documentation at:
#   https://docs.haskellstack.org/en/stable/lock_files

packages:
- completed:
    size: 19510
    url: https://github.com/Garmelon/haboli/archive/86b6134c00d23b0e2e80208079a1975ac0c91f9a.tar.gz
    cabal-file:
      size: 1576
      sha256: d3dea9408d036abe5aa663343b63ffd39cb5fbf14d80773248dab42c607b69b6
    name: haboli
    version: 0.3.1.0
    sha256: c137c08d5ccb6c55c6cd3f03b6d50cc073cb885050e4f5815242b11fb2da2307
    pantry-tree:
      size: 1193
      sha256: 7d7f3fe4fdd753fd6022c1c5f56b30333318130e40b53e0c202f3ea897ff6e79
  original:
    url: https://github.com/Garmelon/haboli/archive/86b6134c00d23b0e2e80208079a1975ac0c91f9a.tar.gz
snapshots:
- completed:
    size: 491389
    url: https://raw.githubusercontent.com/commercialhaskell/stackage-snapshots/master/lts/15/7.yaml
    sha256: 92ab6303fe20ec928461c82ce0980b4d17c06f4e66205a2967e476474f686c17
  original: lts-15.7
