# This file was autogenerated by Stack.
# You should not edit this file by hand.
# For more information, please see the documentation at:
#   https://docs.haskellstack.org/en/stable/lock_files

packages:
- completed:
    size: 19868
    url: https://github.com/Garmelon/haboli/archive/46dc9242cf643b59a3f9f3b2cad3dfd538f44898.tar.gz
    cabal-file:
      size: 1576
      sha256: d3dea9408d036abe5aa663343b63ffd39cb5fbf14d80773248dab42c607b69b6
    name: haboli
    version: 0.3.1.0
    sha256: 86664c11fbea686271664f1e764985ee47c632497519e3d666198c5a258b17cc
    pantry-tree:
      size: 1193
      sha256: 69e998d628007ca4f8143e57b8c7c1342215653646d38a1bd2dd4356f50bfc0e
  original:
    url: https://github.com/Garmelon/haboli/archive/46dc9242cf643b59a3f9f3b2cad3dfd538f44898.tar.gz
snapshots:
- completed:
    size: 491389
    url: https://raw.githubusercontent.com/commercialhaskell/stackage-snapshots/master/lts/15/7.yaml
    sha256: 92ab6303fe20ec928461c82ce0980b4d17c06f4e66205a2967e476474f686c17
  original: lts-15.7
